
Microsoft Visual Studio Solution File, Format Version 12.00
# Visual Studio 14
VisualStudioVersion = 14.0.25420.1
MinimumVisualStudioVersion = 10.0.40219.1
Project("{FAE04EC0-301F-11D3-BF4B-00C04F79EFBC}") = "UnitTests", "UnitTests\UnitTests.csproj", "{48858612-6393-4155-BD2F-6519DF05FC3B}"
EndProject
Project("{FAE04EC0-301F-11D3-BF4B-00C04F79EFBC}") = "CubeSolver.Action", "CubeSolver.Action\CubeSolver.Action.csproj", "{5547B859-7B37-43B3-B6C1-CBB7A74D7E99}"
EndProject
Project("{FAE04EC0-301F-11D3-BF4B-00C04F79EFBC}") = "CubeSolver.Infrastructure", "CubeSolver.Infrastructure\CubeSolver.Infrastructure.csproj", "{4E3C119F-B54B-40D4-931B-490A9ABA55F1}"
EndProject
Project("{FAE04EC0-301F-11D3-BF4B-00C04F79EFBC}") = "CubeSolver.Domain", "CubeSolver.Domain\CubeSolver.Domain.csproj", "{DE686F47-4D6E-4F21-B98A-9BB13ADEDE33}"
EndProject
Global
	GlobalSection(SolutionConfigurationPlatforms) = preSolution
		Debug|Any CPU = Debug|Any CPU
		Release|Any CPU = Release|Any CPU
	EndGlobalSection
	GlobalSection(ProjectConfigurationPlatforms) = postSolution
		{48858612-6393-4155-BD2F-6519DF05FC3B}.Debug|Any CPU.ActiveCfg = Debug|Any CPU
		{48858612-6393-4155-BD2F-6519DF05FC3B}.Debug|Any CPU.Build.0 = Debug|Any CPU
		{48858612-6393-4155-BD2F-6519DF05FC3B}.Release|Any CPU.ActiveCfg = Release|Any CPU
		{48858612-6393-4155-BD2F-6519DF05FC3B}.Release|Any CPU.Build.0 = Release|Any CPU
		{5547B859-7B37-43B3-B6C1-CBB7A74D7E99}.Debug|Any CPU.ActiveCfg = Debug|Any CPU
		{5547B859-7B37-43B3-B6C1-CBB7A74D7E99}.Debug|Any CPU.Build.0 = Debug|Any CPU
		{5547B859-7B37-43B3-B6C1-CBB7A74D7E99}.Release|Any CPU.ActiveCfg = Release|Any CPU
		{5547B859-7B37-43B3-B6C1-CBB7A74D7E99}.Release|Any CPU.Build.0 = Release|Any CPU
		{4E3C119F-B54B-40D4-931B-490A9ABA55F1}.Debug|Any CPU.ActiveCfg = Debug|Any CPU
		{4E3C119F-B54B-40D4-931B-490A9ABA55F1}.Debug|Any CPU.Build.0 = Debug|Any CPU
		{4E3C119F-B54B-40D4-931B-490A9ABA55F1}.Release|Any CPU.ActiveCfg = Release|Any CPU
		{4E3C119F-B54B-40D4-931B-490A9ABA55F1}.Release|Any CPU.Build.0 = Release|Any CPU
		{DE686F47-4D6E-4F21-B98A-9BB13ADEDE33}.Debug|Any CPU.ActiveCfg = Debug|Any CPU
		{DE686F47-4D6E-4F21-B98A-9BB13ADEDE33}.Debug|Any CPU.Build.0 = Debug|Any CPU
		{DE686F47-4D6E-4F21-B98A-9BB13ADEDE33}.Release|Any CPU.ActiveCfg = Release|Any CPU
		{DE686F47-4D6E-4F21-B98A-9BB13ADEDE33}.Release|Any CPU.Build.0 = Release|Any CPU
	EndGlobalSection
	GlobalSection(SolutionProperties) = preSolution
		HideSolutionNode = FALSE
	EndGlobalSection
EndGlobal
